
Microsoft Visual Studio Solution File, Format Version 12.00
# Visual Studio 15
VisualStudioVersion = 15.0.26730.12
MinimumVisualStudioVersion = 10.0.40219.1
Project("{FAE04EC0-301F-11D3-BF4B-00C04F79EFBC}") = "CleanArchitectureBase.Core", "CleanArchitectureBase.Core\CleanArchitectureBase.Core.csproj", "{6F627AD2-0E08-4DC8-BFA2-3E642A61FA34}"
EndProject
Project("{FAE04EC0-301F-11D3-BF4B-00C04F79EFBC}") = "CleanArchitectureBase.Tests", "CleanArchitectureBase.Tests\CleanArchitectureBase.Tests.csproj", "{D6C52613-CE8C-4AAA-9954-B344CAEFBD13}"
EndProject
Global
	GlobalSection(SolutionConfigurationPlatforms) = preSolution
		Debug|Any CPU = Debug|Any CPU
		Release|Any CPU = Release|Any CPU
	EndGlobalSection
	GlobalSection(ProjectConfigurationPlatforms) = postSolution
		{6F627AD2-0E08-4DC8-BFA2-3E642A61FA34}.Debug|Any CPU.ActiveCfg = Debug|Any CPU
		{6F627AD2-0E08-4DC8-BFA2-3E642A61FA34}.Debug|Any CPU.Build.0 = Debug|Any CPU
		{6F627AD2-0E08-4DC8-BFA2-3E642A61FA34}.Release|Any CPU.ActiveCfg = Release|Any CPU
		{6F627AD2-0E08-4DC8-BFA2-3E642A61FA34}.Release|Any CPU.Build.0 = Release|Any CPU
		{D6C52613-CE8C-4AAA-9954-B344CAEFBD13}.Debug|Any CPU.ActiveCfg = Debug|Any CPU
		{D6C52613-CE8C-4AAA-9954-B344CAEFBD13}.Debug|Any CPU.Build.0 = Debug|Any CPU
		{D6C52613-CE8C-4AAA-9954-B344CAEFBD13}.Release|Any CPU.ActiveCfg = Release|Any CPU
		{D6C52613-CE8C-4AAA-9954-B344CAEFBD13}.Release|Any CPU.Build.0 = Release|Any CPU
	EndGlobalSection
	GlobalSection(SolutionProperties) = preSolution
		HideSolutionNode = FALSE
	EndGlobalSection
	GlobalSection(ExtensibilityGlobals) = postSolution
		SolutionGuid = {46C5583F-5004-4423-989E-52BA708BE670}
	EndGlobalSection
EndGlobal
